
Microsoft Visual Studio Solution File, Format Version 12.00
# Visual Studio 15
VisualStudioVersion = 15.0.27703.2026
MinimumVisualStudioVersion = 10.0.40219.1
Project("{FAE04EC0-301F-11D3-BF4B-00C04F79EFBC}") = "ConsoleApp1", "ConsoleApp1\ConsoleApp1.csproj", "{E56CD081-EB35-4C3F-A966-C51C5FA5B516}"
EndProject
Global
	GlobalSection(SolutionConfigurationPlatforms) = preSolution
		Debug|Any CPU = Debug|Any CPU
		Release|Any CPU = Release|Any CPU
	EndGlobalSection
	GlobalSection(ProjectConfigurationPlatforms) = postSolution
		{E56CD081-EB35-4C3F-A966-C51C5FA5B516}.Debug|Any CPU.ActiveCfg = Debug|Any CPU
		{E56CD081-EB35-4C3F-A966-C51C5FA5B516}.Debug|Any CPU.Build.0 = Debug|Any CPU
		{E56CD081-EB35-4C3F-A966-C51C5FA5B516}.Release|Any CPU.ActiveCfg = Release|Any CPU
		{E56CD081-EB35-4C3F-A966-C51C5FA5B516}.Release|Any CPU.Build.0 = Release|Any CPU
	EndGlobalSection
	GlobalSection(SolutionProperties) = preSolution
		HideSolutionNode = FALSE
	EndGlobalSection
	GlobalSection(ExtensibilityGlobals) = postSolution
		SolutionGuid = {BA83AAC8-021E-4B65-B802-E22C64173F08}
	EndGlobalSection
EndGlobal
