
Microsoft Visual Studio Solution File, Format Version 12.00
# Visual Studio 15
VisualStudioVersion = 15.0.27703.2026
MinimumVisualStudioVersion = 10.0.40219.1
Project("{FAE04EC0-301F-11D3-BF4B-00C04F79EFBC}") = "ConsoleApp1", "ConsoleApp1\ConsoleApp1.csproj", "{A6348DF9-898E-44C3-80E5-8026441CB294}"
EndProject
Project("{FAE04EC0-301F-11D3-BF4B-00C04F79EFBC}") = "UnitTestProject1", "UnitTestProject1\UnitTestProject1.csproj", "{978233B9-26F7-41AD-8326-320169F68172}"
EndProject
Global
	GlobalSection(SolutionConfigurationPlatforms) = preSolution
		Debug|Any CPU = Debug|Any CPU
		Release|Any CPU = Release|Any CPU
	EndGlobalSection
	GlobalSection(ProjectConfigurationPlatforms) = postSolution
		{A6348DF9-898E-44C3-80E5-8026441CB294}.Debug|Any CPU.ActiveCfg = Debug|Any CPU
		{A6348DF9-898E-44C3-80E5-8026441CB294}.Debug|Any CPU.Build.0 = Debug|Any CPU
		{A6348DF9-898E-44C3-80E5-8026441CB294}.Release|Any CPU.ActiveCfg = Release|Any CPU
		{A6348DF9-898E-44C3-80E5-8026441CB294}.Release|Any CPU.Build.0 = Release|Any CPU
		{978233B9-26F7-41AD-8326-320169F68172}.Debug|Any CPU.ActiveCfg = Debug|Any CPU
		{978233B9-26F7-41AD-8326-320169F68172}.Debug|Any CPU.Build.0 = Debug|Any CPU
		{978233B9-26F7-41AD-8326-320169F68172}.Release|Any CPU.ActiveCfg = Release|Any CPU
		{978233B9-26F7-41AD-8326-320169F68172}.Release|Any CPU.Build.0 = Release|Any CPU
	EndGlobalSection
	GlobalSection(SolutionProperties) = preSolution
		HideSolutionNode = FALSE
	EndGlobalSection
	GlobalSection(ExtensibilityGlobals) = postSolution
		SolutionGuid = {A422F4D7-DCDD-4138-8970-ECA0C4B3C449}
	EndGlobalSection
EndGlobal
